
Microsoft Visual Studio Solution File, Format Version 12.00
# Visual Studio 15
VisualStudioVersion = 15.0.26124.0
MinimumVisualStudioVersion = 15.0.26124.0
Project("{2150E333-8FDC-42A3-9474-1A3956D46DE8}") = "src", "src", "{0DF98380-B5F0-41BB-BBFC-3EA8BA8E2F67}"
EndProject
Project("{FAE04EC0-301F-11D3-BF4B-00C04F79EFBC}") = "bigfix", "src\bigfix\bigfix.csproj", "{3E3B2804-59A2-4035-A9C3-A98E991B5BC9}"
EndProject
Project("{FAE04EC0-301F-11D3-BF4B-00C04F79EFBC}") = "tests", "tests\tests.csproj", "{AC108F86-69B6-4A93-A3DE-DCB1ABF63CC3}"
EndProject
Global
	GlobalSection(SolutionConfigurationPlatforms) = preSolution
		Debug|Any CPU = Debug|Any CPU
		Debug|x64 = Debug|x64
		Debug|x86 = Debug|x86
		Release|Any CPU = Release|Any CPU
		Release|x64 = Release|x64
		Release|x86 = Release|x86
	EndGlobalSection
	GlobalSection(SolutionProperties) = preSolution
		HideSolutionNode = FALSE
	EndGlobalSection
	GlobalSection(ProjectConfigurationPlatforms) = postSolution
		{3E3B2804-59A2-4035-A9C3-A98E991B5BC9}.Debug|Any CPU.ActiveCfg = Debug|Any CPU
		{3E3B2804-59A2-4035-A9C3-A98E991B5BC9}.Debug|Any CPU.Build.0 = Debug|Any CPU
		{3E3B2804-59A2-4035-A9C3-A98E991B5BC9}.Debug|x64.ActiveCfg = Debug|Any CPU
		{3E3B2804-59A2-4035-A9C3-A98E991B5BC9}.Debug|x64.Build.0 = Debug|Any CPU
		{3E3B2804-59A2-4035-A9C3-A98E991B5BC9}.Debug|x86.ActiveCfg = Debug|Any CPU
		{3E3B2804-59A2-4035-A9C3-A98E991B5BC9}.Debug|x86.Build.0 = Debug|Any CPU
		{3E3B2804-59A2-4035-A9C3-A98E991B5BC9}.Release|Any CPU.ActiveCfg = Release|Any CPU
		{3E3B2804-59A2-4035-A9C3-A98E991B5BC9}.Release|Any CPU.Build.0 = Release|Any CPU
		{3E3B2804-59A2-4035-A9C3-A98E991B5BC9}.Release|x64.ActiveCfg = Release|Any CPU
		{3E3B2804-59A2-4035-A9C3-A98E991B5BC9}.Release|x64.Build.0 = Release|Any CPU
		{3E3B2804-59A2-4035-A9C3-A98E991B5BC9}.Release|x86.ActiveCfg = Release|Any CPU
		{3E3B2804-59A2-4035-A9C3-A98E991B5BC9}.Release|x86.Build.0 = Release|Any CPU
		{AC108F86-69B6-4A93-A3DE-DCB1ABF63CC3}.Debug|Any CPU.ActiveCfg = Debug|Any CPU
		{AC108F86-69B6-4A93-A3DE-DCB1ABF63CC3}.Debug|Any CPU.Build.0 = Debug|Any CPU
		{AC108F86-69B6-4A93-A3DE-DCB1ABF63CC3}.Debug|x64.ActiveCfg = Debug|Any CPU
		{AC108F86-69B6-4A93-A3DE-DCB1ABF63CC3}.Debug|x64.Build.0 = Debug|Any CPU
		{AC108F86-69B6-4A93-A3DE-DCB1ABF63CC3}.Debug|x86.ActiveCfg = Debug|Any CPU
		{AC108F86-69B6-4A93-A3DE-DCB1ABF63CC3}.Debug|x86.Build.0 = Debug|Any CPU
		{AC108F86-69B6-4A93-A3DE-DCB1ABF63CC3}.Release|Any CPU.ActiveCfg = Release|Any CPU
		{AC108F86-69B6-4A93-A3DE-DCB1ABF63CC3}.Release|Any CPU.Build.0 = Release|Any CPU
		{AC108F86-69B6-4A93-A3DE-DCB1ABF63CC3}.Release|x64.ActiveCfg = Release|Any CPU
		{AC108F86-69B6-4A93-A3DE-DCB1ABF63CC3}.Release|x64.Build.0 = Release|Any CPU
		{AC108F86-69B6-4A93-A3DE-DCB1ABF63CC3}.Release|x86.ActiveCfg = Release|Any CPU
		{AC108F86-69B6-4A93-A3DE-DCB1ABF63CC3}.Release|x86.Build.0 = Release|Any CPU
	EndGlobalSection
	GlobalSection(NestedProjects) = preSolution
		{3E3B2804-59A2-4035-A9C3-A98E991B5BC9} = {0DF98380-B5F0-41BB-BBFC-3EA8BA8E2F67}
	EndGlobalSection
EndGlobal
